// !$*UTF8*$!
{
	archiveVersion = 1;
	classes = {
	};
	objectVersion = 56;
	objects = {

/* Begin PBXBuildFile section */
		26E0994878CF71B626284DE5 /* Pods_Recipes.framework in Frameworks */ = {isa = PBXBuildFile; fileRef = D46B2E5E11F501B3905F317B /* Pods_Recipes.framework */; };
		CE5A34852997853D00164496 /* AppDelegate.swift in Sources */ = {isa = PBXBuildFile; fileRef = CE5A34842997853D00164496 /* AppDelegate.swift */; };
		CE5A34872997853D00164496 /* SceneDelegate.swift in Sources */ = {isa = PBXBuildFile; fileRef = CE5A34862997853D00164496 /* SceneDelegate.swift */; };
		CE5A34892997853D00164496 /* LoginViewController.swift in Sources */ = {isa = PBXBuildFile; fileRef = CE5A34882997853D00164496 /* LoginViewController.swift */; };
		CE5A348E2997854300164496 /* Assets.xcassets in Resources */ = {isa = PBXBuildFile; fileRef = CE5A348D2997854300164496 /* Assets.xcassets */; };
		CE5A34912997854300164496 /* LaunchScreen.storyboard in Resources */ = {isa = PBXBuildFile; fileRef = CE5A348F2997854300164496 /* LaunchScreen.storyboard */; };
		CE82272D29B3AC8100CE8EC8 /* UiCollectionViewCell.swift in Sources */ = {isa = PBXBuildFile; fileRef = CE82272C29B3AC8100CE8EC8 /* UiCollectionViewCell.swift */; };
		CEA530BC29ABE04F001E1522 /* MainTabBarController.swift in Sources */ = {isa = PBXBuildFile; fileRef = CEA530BB29ABE04F001E1522 /* MainTabBarController.swift */; };
		CEA530C029AC8171001E1522 /* UiViewController + Extension.swift in Sources */ = {isa = PBXBuildFile; fileRef = CEA530BF29AC8171001E1522 /* UiViewController + Extension.swift */; };
		CEA530C429ACDF27001E1522 /* NetworkManager.swift in Sources */ = {isa = PBXBuildFile; fileRef = CEA530C329ACDF27001E1522 /* NetworkManager.swift */; };
		CEA530C629ACDF33001E1522 /* Recipes.swift in Sources */ = {isa = PBXBuildFile; fileRef = CEA530C529ACDF33001E1522 /* Recipes.swift */; };
		CEA530C829ACE571001E1522 /* ListOfRecipesViewController.swift in Sources */ = {isa = PBXBuildFile; fileRef = CEA530C729ACE571001E1522 /* ListOfRecipesViewController.swift */; };
		CEA530CB29ACE5EB001E1522 /* TopDesertsRecipesViewController.swift in Sources */ = {isa = PBXBuildFile; fileRef = CEA530CA29ACE5EB001E1522 /* TopDesertsRecipesViewController.swift */; };
		CEA530CD29ACF126001E1522 /* DetailsViewController.swift in Sources */ = {isa = PBXBuildFile; fileRef = CEA530CC29ACF126001E1522 /* DetailsViewController.swift */; };
		CEB17AB129B1DB9D00AD360F /* UiTableViewCell + Extension.swift in Sources */ = {isa = PBXBuildFile; fileRef = CEB17AB029B1DB9D00AD360F /* UiTableViewCell + Extension.swift */; };
		CEB63D0729B48E1600108D43 /* CacheManager.swift in Sources */ = {isa = PBXBuildFile; fileRef = CEB63D0629B48E1600108D43 /* CacheManager.swift */; };
		CED4E1C929ADC5B4009DF970 /* UIView + Extension.swift in Sources */ = {isa = PBXBuildFile; fileRef = CED4E1C829ADC5B4009DF970 /* UIView + Extension.swift */; };
		CED4E1CC29ADD6D6009DF970 /* Router.swift in Sources */ = {isa = PBXBuildFile; fileRef = CED4E1CB29ADD6D6009DF970 /* Router.swift */; };
		CED4E1CE29ADD737009DF970 /* LoginRouter.swift in Sources */ = {isa = PBXBuildFile; fileRef = CED4E1CD29ADD737009DF970 /* LoginRouter.swift */; };
		CED4E1D029ADDB84009DF970 /* ListRouter.swift in Sources */ = {isa = PBXBuildFile; fileRef = CED4E1CF29ADDB84009DF970 /* ListRouter.swift */; };
		CED4E1D229AE1188009DF970 /* Link.swift in Sources */ = {isa = PBXBuildFile; fileRef = CED4E1D129AE1188009DF970 /* Link.swift */; };
/* End PBXBuildFile section */

/* Begin PBXCopyFilesBuildPhase section */
		CE4F7DD129AF48840057741D /* Embed Frameworks */ = {
			isa = PBXCopyFilesBuildPhase;
			buildActionMask = 2147483647;
			dstPath = "";
			dstSubfolderSpec = 10;
			files = (
			);
			name = "Embed Frameworks";
			runOnlyForDeploymentPostprocessing = 0;
		};
/* End PBXCopyFilesBuildPhase section */

/* Begin PBXFileReference section */
		7CA687661D44DDCB95D7E756 /* Pods-Recipes.debug.xcconfig */ = {isa = PBXFileReference; includeInIndex = 1; lastKnownFileType = text.xcconfig; name = "Pods-Recipes.debug.xcconfig"; path = "Target Support Files/Pods-Recipes/Pods-Recipes.debug.xcconfig"; sourceTree = "<group>"; };
		823CA0C3F296BCB8588B6595 /* Pods-Recipes.release.xcconfig */ = {isa = PBXFileReference; includeInIndex = 1; lastKnownFileType = text.xcconfig; name = "Pods-Recipes.release.xcconfig"; path = "Target Support Files/Pods-Recipes/Pods-Recipes.release.xcconfig"; sourceTree = "<group>"; };
		CE5A34812997853D00164496 /* Recipes.app */ = {isa = PBXFileReference; explicitFileType = wrapper.application; includeInIndex = 0; path = Recipes.app; sourceTree = BUILT_PRODUCTS_DIR; };
		CE5A34842997853D00164496 /* AppDelegate.swift */ = {isa = PBXFileReference; lastKnownFileType = sourcecode.swift; path = AppDelegate.swift; sourceTree = "<group>"; };
		CE5A34862997853D00164496 /* SceneDelegate.swift */ = {isa = PBXFileReference; lastKnownFileType = sourcecode.swift; path = SceneDelegate.swift; sourceTree = "<group>"; };
		CE5A34882997853D00164496 /* LoginViewController.swift */ = {isa = PBXFileReference; lastKnownFileType = sourcecode.swift; path = LoginViewController.swift; sourceTree = "<group>"; };
		CE5A348D2997854300164496 /* Assets.xcassets */ = {isa = PBXFileReference; lastKnownFileType = folder.assetcatalog; path = Assets.xcassets; sourceTree = "<group>"; };
		CE5A34902997854300164496 /* Base */ = {isa = PBXFileReference; lastKnownFileType = file.storyboard; name = Base; path = Base.lproj/LaunchScreen.storyboard; sourceTree = "<group>"; };
		CE5A34922997854300164496 /* Info.plist */ = {isa = PBXFileReference; lastKnownFileType = text.plist.xml; path = Info.plist; sourceTree = "<group>"; };
		CE82272C29B3AC8100CE8EC8 /* UiCollectionViewCell.swift */ = {isa = PBXFileReference; lastKnownFileType = sourcecode.swift; path = UiCollectionViewCell.swift; sourceTree = "<group>"; };
		CEA530BB29ABE04F001E1522 /* MainTabBarController.swift */ = {isa = PBXFileReference; lastKnownFileType = sourcecode.swift; path = MainTabBarController.swift; sourceTree = "<group>"; };
		CEA530BF29AC8171001E1522 /* UiViewController + Extension.swift */ = {isa = PBXFileReference; lastKnownFileType = sourcecode.swift; path = "UiViewController + Extension.swift"; sourceTree = "<group>"; };
		CEA530C329ACDF27001E1522 /* NetworkManager.swift */ = {isa = PBXFileReference; lastKnownFileType = sourcecode.swift; path = NetworkManager.swift; sourceTree = "<group>"; };
		CEA530C529ACDF33001E1522 /* Recipes.swift */ = {isa = PBXFileReference; lastKnownFileType = sourcecode.swift; path = Recipes.swift; sourceTree = "<group>"; };
		CEA530C729ACE571001E1522 /* ListOfRecipesViewController.swift */ = {isa = PBXFileReference; lastKnownFileType = sourcecode.swift; path = ListOfRecipesViewController.swift; sourceTree = "<group>"; };
		CEA530CA29ACE5EB001E1522 /* TopDesertsRecipesViewController.swift */ = {isa = PBXFileReference; lastKnownFileType = sourcecode.swift; path = TopDesertsRecipesViewController.swift; sourceTree = "<group>"; };
		CEA530CC29ACF126001E1522 /* DetailsViewController.swift */ = {isa = PBXFileReference; lastKnownFileType = sourcecode.swift; path = DetailsViewController.swift; sourceTree = "<group>"; };
		CEB17AB029B1DB9D00AD360F /* UiTableViewCell + Extension.swift */ = {isa = PBXFileReference; lastKnownFileType = sourcecode.swift; path = "UiTableViewCell + Extension.swift"; sourceTree = "<group>"; };
		CEB63D0629B48E1600108D43 /* CacheManager.swift */ = {isa = PBXFileReference; lastKnownFileType = sourcecode.swift; path = CacheManager.swift; sourceTree = "<group>"; };
		CED4E1C829ADC5B4009DF970 /* UIView + Extension.swift */ = {isa = PBXFileReference; lastKnownFileType = sourcecode.swift; path = "UIView + Extension.swift"; sourceTree = "<group>"; };
		CED4E1CB29ADD6D6009DF970 /* Router.swift */ = {isa = PBXFileReference; lastKnownFileType = sourcecode.swift; path = Router.swift; sourceTree = "<group>"; };
		CED4E1CD29ADD737009DF970 /* LoginRouter.swift */ = {isa = PBXFileReference; lastKnownFileType = sourcecode.swift; path = LoginRouter.swift; sourceTree = "<group>"; };
		CED4E1CF29ADDB84009DF970 /* ListRouter.swift */ = {isa = PBXFileReference; lastKnownFileType = sourcecode.swift; path = ListRouter.swift; sourceTree = "<group>"; };
		CED4E1D129AE1188009DF970 /* Link.swift */ = {isa = PBXFileReference; lastKnownFileType = sourcecode.swift; path = Link.swift; sourceTree = "<group>"; };
		D46B2E5E11F501B3905F317B /* Pods_Recipes.framework */ = {isa = PBXFileReference; explicitFileType = wrapper.framework; includeInIndex = 0; path = Pods_Recipes.framework; sourceTree = BUILT_PRODUCTS_DIR; };
/* End PBXFileReference section */

/* Begin PBXFrameworksBuildPhase section */
		CE5A347E2997853D00164496 /* Frameworks */ = {
			isa = PBXFrameworksBuildPhase;
			buildActionMask = 2147483647;
			files = (
				26E0994878CF71B626284DE5 /* Pods_Recipes.framework in Frameworks */,
			);
			runOnlyForDeploymentPostprocessing = 0;
		};
/* End PBXFrameworksBuildPhase section */

/* Begin PBXGroup section */
		C5F0A317CEC71347ED0D8EEE /* Pods */ = {
			isa = PBXGroup;
			children = (
				7CA687661D44DDCB95D7E756 /* Pods-Recipes.debug.xcconfig */,
				823CA0C3F296BCB8588B6595 /* Pods-Recipes.release.xcconfig */,
			);
			path = Pods;
			sourceTree = "<group>";
		};
		CE5A34782997853D00164496 = {
			isa = PBXGroup;
			children = (
				CE5A34832997853D00164496 /* Recipes */,
				CE5A34822997853D00164496 /* Products */,
				C5F0A317CEC71347ED0D8EEE /* Pods */,
				E7D10DBDCF019DBA143DFDDC /* Frameworks */,
			);
			sourceTree = "<group>";
		};
		CE5A34822997853D00164496 /* Products */ = {
			isa = PBXGroup;
			children = (
				CE5A34812997853D00164496 /* Recipes.app */,
			);
			name = Products;
			sourceTree = "<group>";
		};
		CE5A34832997853D00164496 /* Recipes */ = {
			isa = PBXGroup;
			children = (
				CEB63D0529B48DF700108D43 /* Services */,
				CE5A349B2997863000164496 /* Applications */,
				CEA530C129ACDE3F001E1522 /* Models */,
				CE5A349D299786A500164496 /* ViewControllers */,
				CED4E1CA29ADD6C3009DF970 /* Router */,
				CEA530BD29AC813C001E1522 /* Extension */,
				CE5A349C2997865E00164496 /* Resources */,
			);
			path = Recipes;
			sourceTree = "<group>";
		};
		CE5A349B2997863000164496 /* Applications */ = {
			isa = PBXGroup;
			children = (
				CE5A34842997853D00164496 /* AppDelegate.swift */,
				CE5A34862997853D00164496 /* SceneDelegate.swift */,
				CE5A34922997854300164496 /* Info.plist */,
			);
			path = Applications;
			sourceTree = "<group>";
		};
		CE5A349C2997865E00164496 /* Resources */ = {
			isa = PBXGroup;
			children = (
				CE5A348D2997854300164496 /* Assets.xcassets */,
				CE5A348F2997854300164496 /* LaunchScreen.storyboard */,
			);
			path = Resources;
			sourceTree = "<group>";
		};
		CE5A349D299786A500164496 /* ViewControllers */ = {
			isa = PBXGroup;
			children = (
				CEA530CE29ACF172001E1522 /* LoginViewController */,
				CEA530C929ACE5A3001E1522 /* TabBarController */,
				CEA530CF29ACF181001E1522 /* DetailsViewController */,
			);
			path = ViewControllers;
			sourceTree = "<group>";
		};
		CEA530BD29AC813C001E1522 /* Extension */ = {
			isa = PBXGroup;
			children = (
				CEA530BE29AC8146001E1522 /* UiKit */,
			);
			path = Extension;
			sourceTree = "<group>";
		};
		CEA530BE29AC8146001E1522 /* UiKit */ = {
			isa = PBXGroup;
			children = (
				CEA530BF29AC8171001E1522 /* UiViewController + Extension.swift */,
				CED4E1C829ADC5B4009DF970 /* UIView + Extension.swift */,
				CEB17AB029B1DB9D00AD360F /* UiTableViewCell + Extension.swift */,
				CE82272C29B3AC8100CE8EC8 /* UiCollectionViewCell.swift */,
			);
			path = UiKit;
			sourceTree = "<group>";
		};
		CEA530C129ACDE3F001E1522 /* Models */ = {
			isa = PBXGroup;
			children = (
				CEA530C529ACDF33001E1522 /* Recipes.swift */,
				CED4E1D129AE1188009DF970 /* Link.swift */,
			);
			path = Models;
			sourceTree = "<group>";
		};
		CEA530C229ACDE46001E1522 /* NetworkManager */ = {
			isa = PBXGroup;
			children = (
				CEA530C329ACDF27001E1522 /* NetworkManager.swift */,
			);
			path = NetworkManager;
			sourceTree = "<group>";
		};
		CEA530C929ACE5A3001E1522 /* TabBarController */ = {
			isa = PBXGroup;
			children = (
				CEA530BB29ABE04F001E1522 /* MainTabBarController.swift */,
				CEA530C729ACE571001E1522 /* ListOfRecipesViewController.swift */,
				CEA530CA29ACE5EB001E1522 /* TopDesertsRecipesViewController.swift */,
			);
			path = TabBarController;
			sourceTree = "<group>";
		};
		CEA530CE29ACF172001E1522 /* LoginViewController */ = {
			isa = PBXGroup;
			children = (
				CE5A34882997853D00164496 /* LoginViewController.swift */,
			);
			path = LoginViewController;
			sourceTree = "<group>";
		};
		CEA530CF29ACF181001E1522 /* DetailsViewController */ = {
			isa = PBXGroup;
			children = (
				CEA530CC29ACF126001E1522 /* DetailsViewController.swift */,
			);
			path = DetailsViewController;
			sourceTree = "<group>";
		};
		CEB63D0529B48DF700108D43 /* Services */ = {
			isa = PBXGroup;
			children = (
				CEB63D0629B48E1600108D43 /* CacheManager.swift */,
				CEA530C229ACDE46001E1522 /* NetworkManager */,
			);
			path = Services;
			sourceTree = "<group>";
		};
		CED4E1CA29ADD6C3009DF970 /* Router */ = {
			isa = PBXGroup;
			children = (
				CED4E1CB29ADD6D6009DF970 /* Router.swift */,
				CED4E1CD29ADD737009DF970 /* LoginRouter.swift */,
				CED4E1CF29ADDB84009DF970 /* ListRouter.swift */,
			);
			path = Router;
			sourceTree = "<group>";
		};
		E7D10DBDCF019DBA143DFDDC /* Frameworks */ = {
			isa = PBXGroup;
			children = (
				D46B2E5E11F501B3905F317B /* Pods_Recipes.framework */,
			);
			name = Frameworks;
			sourceTree = "<group>";
		};
/* End PBXGroup section */

/* Begin PBXNativeTarget section */
		CE5A34802997853D00164496 /* Recipes */ = {
			isa = PBXNativeTarget;
			buildConfigurationList = CE5A34952997854300164496 /* Build configuration list for PBXNativeTarget "Recipes" */;
			buildPhases = (
				659AF4EA6253D7DCBFA5E89F /* [CP] Check Pods Manifest.lock */,
				CE4F7DD729AF69620057741D /* ShellScript */,
				CE5A347D2997853D00164496 /* Sources */,
				CE5A347E2997853D00164496 /* Frameworks */,
				CE5A347F2997853D00164496 /* Resources */,
				CE4F7DD129AF48840057741D /* Embed Frameworks */,
				E1BF603C987E666D7CBA9E03 /* [CP] Embed Pods Frameworks */,
			);
			buildRules = (
			);
			dependencies = (
			);
			name = Recipes;
			productName = Recipes;
			productReference = CE5A34812997853D00164496 /* Recipes.app */;
			productType = "com.apple.product-type.application";
		};
/* End PBXNativeTarget section */

/* Begin PBXProject section */
		CE5A34792997853D00164496 /* Project object */ = {
			isa = PBXProject;
			attributes = {
				BuildIndependentTargetsInParallel = 1;
				LastSwiftUpdateCheck = 1420;
				LastUpgradeCheck = 1420;
				TargetAttributes = {
					CE5A34802997853D00164496 = {
						CreatedOnToolsVersion = 14.2;
					};
				};
			};
			buildConfigurationList = CE5A347C2997853D00164496 /* Build configuration list for PBXProject "Recipes" */;
			compatibilityVersion = "Xcode 14.0";
			developmentRegion = en;
			hasScannedForEncodings = 0;
			knownRegions = (
				en,
				Base,
			);
			mainGroup = CE5A34782997853D00164496;
			productRefGroup = CE5A34822997853D00164496 /* Products */;
			projectDirPath = "";
			projectRoot = "";
			targets = (
				CE5A34802997853D00164496 /* Recipes */,
			);
		};
/* End PBXProject section */

/* Begin PBXResourcesBuildPhase section */
		CE5A347F2997853D00164496 /* Resources */ = {
			isa = PBXResourcesBuildPhase;
			buildActionMask = 2147483647;
			files = (
				CE5A34912997854300164496 /* LaunchScreen.storyboard in Resources */,
				CE5A348E2997854300164496 /* Assets.xcassets in Resources */,
			);
			runOnlyForDeploymentPostprocessing = 0;
		};
/* End PBXResourcesBuildPhase section */

/* Begin PBXShellScriptBuildPhase section */
		659AF4EA6253D7DCBFA5E89F /* [CP] Check Pods Manifest.lock */ = {
			isa = PBXShellScriptBuildPhase;
			buildActionMask = 2147483647;
			files = (
			);
			inputFileListPaths = (
			);
			inputPaths = (
				"${PODS_PODFILE_DIR_PATH}/Podfile.lock",
				"${PODS_ROOT}/Manifest.lock",
			);
			name = "[CP] Check Pods Manifest.lock";
			outputFileListPaths = (
			);
			outputPaths = (
				"$(DERIVED_FILE_DIR)/Pods-Recipes-checkManifestLockResult.txt",
			);
			runOnlyForDeploymentPostprocessing = 0;
			shellPath = /bin/sh;
			shellScript = "diff \"${PODS_PODFILE_DIR_PATH}/Podfile.lock\" \"${PODS_ROOT}/Manifest.lock\" > /dev/null\nif [ $? != 0 ] ; then\n    # print error to STDERR\n    echo \"error: The sandbox is not in sync with the Podfile.lock. Run 'pod install' or update your CocoaPods installation.\" >&2\n    exit 1\nfi\n# This output is used by Xcode 'outputs' to avoid re-running this script phase.\necho \"SUCCESS\" > \"${SCRIPT_OUTPUT_FILE_0}\"\n";
			showEnvVarsInLog = 0;
		};
		CE4F7DD729AF69620057741D /* ShellScript */ = {
			isa = PBXShellScriptBuildPhase;
			buildActionMask = 8;
			files = (
			);
			inputFileListPaths = (
			);
			inputPaths = (
			);
			outputFileListPaths = (
			);
			outputPaths = (
			);
			runOnlyForDeploymentPostprocessing = 1;
			shellPath = /bin/sh;
			shellScript = "${PODS_ROOT}/SwiftLint/swiftlint\n";
			showEnvVarsInLog = 0;
		};
		E1BF603C987E666D7CBA9E03 /* [CP] Embed Pods Frameworks */ = {
			isa = PBXShellScriptBuildPhase;
			buildActionMask = 2147483647;
			files = (
			);
			inputFileListPaths = (
				"${PODS_ROOT}/Target Support Files/Pods-Recipes/Pods-Recipes-frameworks-${CONFIGURATION}-input-files.xcfilelist",
			);
			name = "[CP] Embed Pods Frameworks";
			outputFileListPaths = (
				"${PODS_ROOT}/Target Support Files/Pods-Recipes/Pods-Recipes-frameworks-${CONFIGURATION}-output-files.xcfilelist",
			);
			runOnlyForDeploymentPostprocessing = 0;
			shellPath = /bin/sh;
			shellScript = "\"${PODS_ROOT}/Target Support Files/Pods-Recipes/Pods-Recipes-frameworks.sh\"\n";
			showEnvVarsInLog = 0;
		};
/* End PBXShellScriptBuildPhase section */

/* Begin PBXSourcesBuildPhase section */
		CE5A347D2997853D00164496 /* Sources */ = {
			isa = PBXSourcesBuildPhase;
			buildActionMask = 2147483647;
			files = (
				CEA530CB29ACE5EB001E1522 /* TopDesertsRecipesViewController.swift in Sources */,
				CEA530C429ACDF27001E1522 /* NetworkManager.swift in Sources */,
				CEA530C029AC8171001E1522 /* UiViewController + Extension.swift in Sources */,
				CE82272D29B3AC8100CE8EC8 /* UiCollectionViewCell.swift in Sources */,
				CEA530C629ACDF33001E1522 /* Recipes.swift in Sources */,
				CED4E1CC29ADD6D6009DF970 /* Router.swift in Sources */,
				CED4E1CE29ADD737009DF970 /* LoginRouter.swift in Sources */,
				CED4E1C929ADC5B4009DF970 /* UIView + Extension.swift in Sources */,
				CE5A34892997853D00164496 /* LoginViewController.swift in Sources */,
				CED4E1D029ADDB84009DF970 /* ListRouter.swift in Sources */,
				CEB63D0729B48E1600108D43 /* CacheManager.swift in Sources */,
				CED4E1D229AE1188009DF970 /* Link.swift in Sources */,
				CE5A34852997853D00164496 /* AppDelegate.swift in Sources */,
				CEA530C829ACE571001E1522 /* ListOfRecipesViewController.swift in Sources */,
				CEA530CD29ACF126001E1522 /* DetailsViewController.swift in Sources */,
				CEA530BC29ABE04F001E1522 /* MainTabBarController.swift in Sources */,
				CE5A34872997853D00164496 /* SceneDelegate.swift in Sources */,
				CEB17AB129B1DB9D00AD360F /* UiTableViewCell + Extension.swift in Sources */,
			);
			runOnlyForDeploymentPostprocessing = 0;
		};
/* End PBXSourcesBuildPhase section */

/* Begin PBXVariantGroup section */
		CE5A348F2997854300164496 /* LaunchScreen.storyboard */ = {
			isa = PBXVariantGroup;
			children = (
				CE5A34902997854300164496 /* Base */,
			);
			name = LaunchScreen.storyboard;
			sourceTree = "<group>";
		};
/* End PBXVariantGroup section */

/* Begin XCBuildConfiguration section */
		CE5A34932997854300164496 /* Debug */ = {
			isa = XCBuildConfiguration;
			buildSettings = {
				ALWAYS_SEARCH_USER_PATHS = NO;
				CLANG_ANALYZER_NONNULL = YES;
				CLANG_ANALYZER_NUMBER_OBJECT_CONVERSION = YES_AGGRESSIVE;
				CLANG_CXX_LANGUAGE_STANDARD = "gnu++20";
				CLANG_ENABLE_MODULES = YES;
				CLANG_ENABLE_OBJC_ARC = YES;
				CLANG_ENABLE_OBJC_WEAK = YES;
				CLANG_WARN_BLOCK_CAPTURE_AUTORELEASING = YES;
				CLANG_WARN_BOOL_CONVERSION = YES;
				CLANG_WARN_COMMA = YES;
				CLANG_WARN_CONSTANT_CONVERSION = YES;
				CLANG_WARN_DEPRECATED_OBJC_IMPLEMENTATIONS = YES;
				CLANG_WARN_DIRECT_OBJC_ISA_USAGE = YES_ERROR;
				CLANG_WARN_DOCUMENTATION_COMMENTS = YES;
				CLANG_WARN_EMPTY_BODY = YES;
				CLANG_WARN_ENUM_CONVERSION = YES;
				CLANG_WARN_INFINITE_RECURSION = YES;
				CLANG_WARN_INT_CONVERSION = YES;
				CLANG_WARN_NON_LITERAL_NULL_CONVERSION = YES;
				CLANG_WARN_OBJC_IMPLICIT_RETAIN_SELF = YES;
				CLANG_WARN_OBJC_LITERAL_CONVERSION = YES;
				CLANG_WARN_OBJC_ROOT_CLASS = YES_ERROR;
				CLANG_WARN_QUOTED_INCLUDE_IN_FRAMEWORK_HEADER = YES;
				CLANG_WARN_RANGE_LOOP_ANALYSIS = YES;
				CLANG_WARN_STRICT_PROTOTYPES = YES;
				CLANG_WARN_SUSPICIOUS_MOVE = YES;
				CLANG_WARN_UNGUARDED_AVAILABILITY = YES_AGGRESSIVE;
				CLANG_WARN_UNREACHABLE_CODE = YES;
				CLANG_WARN__DUPLICATE_METHOD_MATCH = YES;
				COPY_PHASE_STRIP = NO;
				DEBUG_INFORMATION_FORMAT = dwarf;
				ENABLE_STRICT_OBJC_MSGSEND = YES;
				ENABLE_TESTABILITY = YES;
				GCC_C_LANGUAGE_STANDARD = gnu11;
				GCC_DYNAMIC_NO_PIC = NO;
				GCC_NO_COMMON_BLOCKS = YES;
				GCC_OPTIMIZATION_LEVEL = 0;
				GCC_PREPROCESSOR_DEFINITIONS = (
					"DEBUG=1",
					"$(inherited)",
				);
				GCC_WARN_64_TO_32_BIT_CONVERSION = YES;
				GCC_WARN_ABOUT_RETURN_TYPE = YES_ERROR;
				GCC_WARN_UNDECLARED_SELECTOR = YES;
				GCC_WARN_UNINITIALIZED_AUTOS = YES_AGGRESSIVE;
				GCC_WARN_UNUSED_FUNCTION = YES;
				GCC_WARN_UNUSED_VARIABLE = YES;
				IPHONEOS_DEPLOYMENT_TARGET = 14.0;
				MTL_ENABLE_DEBUG_INFO = INCLUDE_SOURCE;
				MTL_FAST_MATH = YES;
				ONLY_ACTIVE_ARCH = YES;
				SDKROOT = iphoneos;
				SWIFT_ACTIVE_COMPILATION_CONDITIONS = DEBUG;
				SWIFT_OPTIMIZATION_LEVEL = "-Onone";
			};
			name = Debug;
		};
		CE5A34942997854300164496 /* Release */ = {
			isa = XCBuildConfiguration;
			buildSettings = {
				ALWAYS_SEARCH_USER_PATHS = NO;
				CLANG_ANALYZER_NONNULL = YES;
				CLANG_ANALYZER_NUMBER_OBJECT_CONVERSION = YES_AGGRESSIVE;
				CLANG_CXX_LANGUAGE_STANDARD = "gnu++20";
				CLANG_ENABLE_MODULES = YES;
				CLANG_ENABLE_OBJC_ARC = YES;
				CLANG_ENABLE_OBJC_WEAK = YES;
				CLANG_WARN_BLOCK_CAPTURE_AUTORELEASING = YES;
				CLANG_WARN_BOOL_CONVERSION = YES;
				CLANG_WARN_COMMA = YES;
				CLANG_WARN_CONSTANT_CONVERSION = YES;
				CLANG_WARN_DEPRECATED_OBJC_IMPLEMENTATIONS = YES;
				CLANG_WARN_DIRECT_OBJC_ISA_USAGE = YES_ERROR;
				CLANG_WARN_DOCUMENTATION_COMMENTS = YES;
				CLANG_WARN_EMPTY_BODY = YES;
				CLANG_WARN_ENUM_CONVERSION = YES;
				CLANG_WARN_INFINITE_RECURSION = YES;
				CLANG_WARN_INT_CONVERSION = YES;
				CLANG_WARN_NON_LITERAL_NULL_CONVERSION = YES;
				CLANG_WARN_OBJC_IMPLICIT_RETAIN_SELF = YES;
				CLANG_WARN_OBJC_LITERAL_CONVERSION = YES;
				CLANG_WARN_OBJC_ROOT_CLASS = YES_ERROR;
				CLANG_WARN_QUOTED_INCLUDE_IN_FRAMEWORK_HEADER = YES;
				CLANG_WARN_RANGE_LOOP_ANALYSIS = YES;
				CLANG_WARN_STRICT_PROTOTYPES = YES;
				CLANG_WARN_SUSPICIOUS_MOVE = YES;
				CLANG_WARN_UNGUARDED_AVAILABILITY = YES_AGGRESSIVE;
				CLANG_WARN_UNREACHABLE_CODE = YES;
				CLANG_WARN__DUPLICATE_METHOD_MATCH = YES;
				COPY_PHASE_STRIP = NO;
				DEBUG_INFORMATION_FORMAT = "dwarf-with-dsym";
				ENABLE_NS_ASSERTIONS = NO;
				ENABLE_STRICT_OBJC_MSGSEND = YES;
				GCC_C_LANGUAGE_STANDARD = gnu11;
				GCC_NO_COMMON_BLOCKS = YES;
				GCC_WARN_64_TO_32_BIT_CONVERSION = YES;
				GCC_WARN_ABOUT_RETURN_TYPE = YES_ERROR;
				GCC_WARN_UNDECLARED_SELECTOR = YES;
				GCC_WARN_UNINITIALIZED_AUTOS = YES_AGGRESSIVE;
				GCC_WARN_UNUSED_FUNCTION = YES;
				GCC_WARN_UNUSED_VARIABLE = YES;
				IPHONEOS_DEPLOYMENT_TARGET = 14.0;
				MTL_ENABLE_DEBUG_INFO = NO;
				MTL_FAST_MATH = YES;
				SDKROOT = iphoneos;
				SWIFT_COMPILATION_MODE = wholemodule;
				SWIFT_OPTIMIZATION_LEVEL = "-O";
				VALIDATE_PRODUCT = YES;
			};
			name = Release;
		};
		CE5A34962997854300164496 /* Debug */ = {
			isa = XCBuildConfiguration;
			baseConfigurationReference = 7CA687661D44DDCB95D7E756 /* Pods-Recipes.debug.xcconfig */;
			buildSettings = {
				ASSETCATALOG_COMPILER_APPICON_NAME = AppIcon;
				ASSETCATALOG_COMPILER_GLOBAL_ACCENT_COLOR_NAME = AccentColor;
				CODE_SIGN_STYLE = Automatic;
				CURRENT_PROJECT_VERSION = 1;
				DEVELOPMENT_TEAM = L86P4HUDQ3;
				GENERATE_INFOPLIST_FILE = YES;
				INFOPLIST_FILE = Recipes/Applications/Info.plist;
				INFOPLIST_KEY_UIApplicationSupportsIndirectInputEvents = YES;
				INFOPLIST_KEY_UILaunchStoryboardName = LaunchScreen;
				INFOPLIST_KEY_UISupportedInterfaceOrientations = UIInterfaceOrientationPortrait;
				INFOPLIST_KEY_UISupportedInterfaceOrientations_iPad = "UIInterfaceOrientationLandscapeLeft UIInterfaceOrientationLandscapeRight UIInterfaceOrientationPortrait UIInterfaceOrientationPortraitUpsideDown";
				IPHONEOS_DEPLOYMENT_TARGET = 14.0;
				LD_RUNPATH_SEARCH_PATHS = (
					"$(inherited)",
					"@executable_path/Frameworks",
				);
				MARKETING_VERSION = 1.0;
				PRODUCT_BUNDLE_IDENTIFIER = seleza1.Recipes;
				PRODUCT_NAME = "$(TARGET_NAME)";
				SUPPORTED_PLATFORMS = "iphoneos iphonesimulator";
				SUPPORTS_MACCATALYST = NO;
				SUPPORTS_MAC_DESIGNED_FOR_IPHONE_IPAD = NO;
				SWIFT_EMIT_LOC_STRINGS = YES;
				SWIFT_VERSION = 5.0;
				TARGETED_DEVICE_FAMILY = 1;
			};
			name = Debug;
		};
		CE5A34972997854300164496 /* Release */ = {
			isa = XCBuildConfiguration;
			baseConfigurationReference = 823CA0C3F296BCB8588B6595 /* Pods-Recipes.release.xcconfig */;
			buildSettings = {
				ASSETCATALOG_COMPILER_APPICON_NAME = AppIcon;
				ASSETCATALOG_COMPILER_GLOBAL_ACCENT_COLOR_NAME = AccentColor;
				CODE_SIGN_STYLE = Automatic;
				CURRENT_PROJECT_VERSION = 1;
				DEVELOPMENT_TEAM = L86P4HUDQ3;
				GENERATE_INFOPLIST_FILE = YES;
				INFOPLIST_FILE = Recipes/Applications/Info.plist;
				INFOPLIST_KEY_UIApplicationSupportsIndirectInputEvents = YES;
				INFOPLIST_KEY_UILaunchStoryboardName = LaunchScreen;
				INFOPLIST_KEY_UISupportedInterfaceOrientations = UIInterfaceOrientationPortrait;
				INFOPLIST_KEY_UISupportedInterfaceOrientations_iPad = "UIInterfaceOrientationLandscapeLeft UIInterfaceOrientationLandscapeRight UIInterfaceOrientationPortrait UIInterfaceOrientationPortraitUpsideDown";
				IPHONEOS_DEPLOYMENT_TARGET = 14.0;
				LD_RUNPATH_SEARCH_PATHS = (
					"$(inherited)",
					"@executable_path/Frameworks",
				);
				MARKETING_VERSION = 1.0;
				PRODUCT_BUNDLE_IDENTIFIER = seleza1.Recipes;
				PRODUCT_NAME = "$(TARGET_NAME)";
				SUPPORTED_PLATFORMS = "iphoneos iphonesimulator";
				SUPPORTS_MACCATALYST = NO;
				SUPPORTS_MAC_DESIGNED_FOR_IPHONE_IPAD = NO;
				SWIFT_EMIT_LOC_STRINGS = YES;
				SWIFT_VERSION = 5.0;
				TARGETED_DEVICE_FAMILY = 1;
			};
			name = Release;
		};
/* End XCBuildConfiguration section */

/* Begin XCConfigurationList section */
		CE5A347C2997853D00164496 /* Build configuration list for PBXProject "Recipes" */ = {
			isa = XCConfigurationList;
			buildConfigurations = (
				CE5A34932997854300164496 /* Debug */,
				CE5A34942997854300164496 /* Release */,
			);
			defaultConfigurationIsVisible = 0;
			defaultConfigurationName = Release;
		};
		CE5A34952997854300164496 /* Build configuration list for PBXNativeTarget "Recipes" */ = {
			isa = XCConfigurationList;
			buildConfigurations = (
				CE5A34962997854300164496 /* Debug */,
				CE5A34972997854300164496 /* Release */,
			);
			defaultConfigurationIsVisible = 0;
			defaultConfigurationName = Release;
		};
/* End XCConfigurationList section */
	};
	rootObject = CE5A34792997853D00164496 /* Project object */;
}
