PODS:
  - Kingfisher (7.6.2)
  - SwiftLint (0.50.3)

DEPENDENCIES:
  - Kingfisher
  - SwiftLint

SPEC REPOS:
  trunk:
    - Kingfisher
    - SwiftLint

SPEC CHECKSUMS:
  Kingfisher: 6c5449c6450c5239166510ba04afe374a98afc4f
  SwiftLint: 77f7cb2b9bb81ab4a12fcc86448ba3f11afa50c6

PODFILE CHECKSUM: a715245e9de8d98d6ef1e2e71ae8ac3cf395745d

COCOAPODS: 1.11.3
